PODS:
  - MPTopFloatingView (0.2.2)

DEPENDENCIES:
  - MPTopFloatingView (from `../`)

EXTERNAL SOURCES:
  MPTopFloatingView:
    :path: "../"

SPEC CHECKSUMS:
  MPTopFloatingView: 005e9a8c13fbb35361745b80919aa9e491f8171b

PODFILE CHECKSUM: 3d7d3874a0575e42f7ad570e5db7957570336c06

COCOAPODS: 1.1.1
